
Microsoft Visual Studio Solution File, Format Version 12.00
# Visual Studio Version 16
VisualStudioVersion = 16.0.31019.35
MinimumVisualStudioVersion = 10.0.40219.1
Project("{FAE04EC0-301F-11D3-BF4B-00C04F79EFBC}") = "MovieListings", "MovieListings\MovieListings.csproj", "{07CFE8F1-D810-4276-8049-8BA44CAE8258}"
EndProject
Global
	GlobalSection(SolutionConfigurationPlatforms) = preSolution
		Debug|Any CPU = Debug|Any CPU
		Release|Any CPU = Release|Any CPU
	EndGlobalSection
	GlobalSection(ProjectConfigurationPlatforms) = postSolution
		{07CFE8F1-D810-4276-8049-8BA44CAE8258}.Debug|Any CPU.ActiveCfg = Debug|Any CPU
		{07CFE8F1-D810-4276-8049-8BA44CAE8258}.Debug|Any CPU.Build.0 = Debug|Any CPU
		{07CFE8F1-D810-4276-8049-8BA44CAE8258}.Release|Any CPU.ActiveCfg = Release|Any CPU
		{07CFE8F1-D810-4276-8049-8BA44CAE8258}.Release|Any CPU.Build.0 = Release|Any CPU
	EndGlobalSection
	GlobalSection(SolutionProperties) = preSolution
		HideSolutionNode = FALSE
	EndGlobalSection
	GlobalSection(ExtensibilityGlobals) = postSolution
		SolutionGuid = {F83FD5B6-1168-4FB2-BE46-0AD65B47502D}
	EndGlobalSection
EndGlobal
